{
	"name": "@xsrt/recorder",
	"version": "0.2.0",
	"lockfileVersion": 1,
	"requires": true,
	"dependencies": {
		"@types/pako": {
			"version": "1.0.0",
			"resolved": "https://registry.npmjs.org/@types/pako/-/pako-1.0.0.tgz",
			"integrity": "sha1-6q6DZNG391LiY7w/1o3+yY5hNsU=",
			"dev": true
		},
		"inversify": {
			"version": "5.0.1",
			"resolved": "https://registry.npmjs.org/inversify/-/inversify-5.0.1.tgz",
			"integrity": "sha512-Ieh06s48WnEYGcqHepdsJUIJUXpwH5o5vodAX+DK2JA/gjy4EbEcQZxw+uFfzysmKjiLXGYwNG3qDZsKVMcINQ=="
		},
		"pako": {
			"version": "1.0.8",
			"resolved": "https://registry.npmjs.org/pako/-/pako-1.0.8.tgz",
			"integrity": "sha512-6i0HVbUfcKaTv+EG8ZTr75az7GFXcLYk9UyLEg7Notv/Ma+z/UG3TCoz6GiNeOrn1E/e63I0X/Hpw18jHOTUnA=="
		},
		"reflect-metadata": {
			"version": "0.1.13",
			"resolved": "https://registry.npmjs.org/reflect-metadata/-/reflect-metadata-0.1.13.tgz",
			"integrity": "sha512-Ts1Y/anZELhSsjMcU605fU9RE4Oi3p5ORujwbIKXfWa+0Zxs510Qrmrce5/Jowq3cHSZSJqBjypxmHarc+vEWg=="
		}
	}
}
